
Microsoft Visual Studio Solution File, Format Version 12.00
# Visual Studio Version 17
VisualStudioVersion = 17.13.35825.156 d17.13
MinimumVisualStudioVersion = 10.0.40219.1
Project("{FAE04EC0-301F-11D3-BF4B-00C04F79EFBC}") = "CofeeShop", "CofeeShop\CofeeShop.csproj", "{3246EC47-A224-49BF-9ECA-DADD6BC7ABAC}"
EndProject
Global
	GlobalSection(SolutionConfigurationPlatforms) = preSolution
		Debug|Any CPU = Debug|Any CPU
		Release|Any CPU = Release|Any CPU
	EndGlobalSection
	GlobalSection(ProjectConfigurationPlatforms) = postSolution
		{3246EC47-A224-49BF-9ECA-DADD6BC7ABAC}.Debug|Any CPU.ActiveCfg = Debug|Any CPU
		{3246EC47-A224-49BF-9ECA-DADD6BC7ABAC}.Debug|Any CPU.Build.0 = Debug|Any CPU
		{3246EC47-A224-49BF-9ECA-DADD6BC7ABAC}.Release|Any CPU.ActiveCfg = Release|Any CPU
		{3246EC47-A224-49BF-9ECA-DADD6BC7ABAC}.Release|Any CPU.Build.0 = Release|Any CPU
	EndGlobalSection
	GlobalSection(SolutionProperties) = preSolution
		HideSolutionNode = FALSE
	EndGlobalSection
	GlobalSection(ExtensibilityGlobals) = postSolution
		SolutionGuid = {4B0EA08E-0E7F-41DD-BC75-3219E2129211}
	EndGlobalSection
EndGlobal
